
Microsoft Visual Studio Solution File, Format Version 12.00
# Visual Studio 15
VisualStudioVersion = 15.0.26430.12
MinimumVisualStudioVersion = 10.0.40219.1
Project("{FAE04EC0-301F-11D3-BF4B-00C04F79EFBC}") = "ka_lb3", "ka_lb3\ka_lb3.csproj", "{908370AB-11CD-4C91-9792-7BB383BFCB96}"
EndProject
Global
	GlobalSection(SolutionConfigurationPlatforms) = preSolution
		Debug|Any CPU = Debug|Any CPU
		Release|Any CPU = Release|Any CPU
	EndGlobalSection
	GlobalSection(ProjectConfigurationPlatforms) = postSolution
		{908370AB-11CD-4C91-9792-7BB383BFCB96}.Debug|Any CPU.ActiveCfg = Debug|Any CPU
		{908370AB-11CD-4C91-9792-7BB383BFCB96}.Debug|Any CPU.Build.0 = Debug|Any CPU
		{908370AB-11CD-4C91-9792-7BB383BFCB96}.Release|Any CPU.ActiveCfg = Release|Any CPU
		{908370AB-11CD-4C91-9792-7BB383BFCB96}.Release|Any CPU.Build.0 = Release|Any CPU
	EndGlobalSection
	GlobalSection(SolutionProperties) = preSolution
		HideSolutionNode = FALSE
	EndGlobalSection
EndGlobal
